{
  "version": "3",
  "remote": {
    "https://cdn.skypack.dev/-/d3-array@v3.1.1-Ibshj34oOmCw8da1RLSW/dist=es2020,mode=imports/optimized/d3-array.js": "1bd290181a5aad8f744846ed62644d2bbe9e2a13ed3e9c4df26554d7148d837f",
    "https://cdn.skypack.dev/-/d3-array@v3.2.0-zhkQfnMQ2ct1k4iWdZiH/dist=es2020,mode=imports/optimized/d3-array.js": "c53d5042bd1ee911490403a50e0bc3b9b13e80865986689d418414abeba22907",
    "https://cdn.skypack.dev/-/d3-array@v3.2.1-hGTrvmvXYXil9KElf3uD/dist=es2020,mode=imports/optimized/d3-array.js": "9650b1f13129841fc3fa5c28454bda791d42bd95fdbd0c5025557f76af6e5daa",
    "https://cdn.skypack.dev/-/d3-array@v3.2.2-mREp9VYvdluM4XTkemzD/dist=es2020,mode=imports/optimized/d3-array.js": "25f6e15e0514ef3f66ffd9db53fb72c286f74072eef0fe14d2eadf4b33cc8487",
    "https://cdn.skypack.dev/-/d3-array@v3.2.3-YYAnwYSQZgGML08QhecQ/dist=es2020,mode=imports/optimized/d3-array.js": "e63e0e90b8154d79fea71ebeeb1566b67428ee242ff9a36720b7b94ed2d5aa4a",
    "https://cdn.skypack.dev/-/d3-array@v3.2.4-G4hy00bPnjF6FrSYpT32/dist=es2020,mode=imports/optimized/d3-array.js": "22476c498bc3bb980d3380e034bb741380b3e1bc83e37f9f149a585eb69524e3",
    "https://cdn.skypack.dev/-/d3-color@v3.0.1-PMFX4FeSjgNPlkOOfuhz/dist=es2020,mode=imports/optimized/d3-color.js": "128086b1de7d5344d73eca626bdda24e97485ff1de918b8c7c495887d0789ee5",
    "https://cdn.skypack.dev/-/d3-color@v3.1.0-MWHDMwd2Pvp3NFjvrHgn/dist=es2020,mode=imports/optimized/d3-color.js": "1453d9dd13e7753282b6dc6be612d874585492296ab877f95db116c9945e9ee4",
    "https://cdn.skypack.dev/-/d3-delaunay@v6.0.4-8vxm7aIldY6XMTxF521F/dist=es2020,mode=imports/optimized/d3-delaunay.js": "6de43f205fd780c456f3d37cf07093d57049d348bc34dc6f73cfd525ed63315b",
    "https://cdn.skypack.dev/-/d3-dispatch@v3.0.1-v6nbfqO2iWOSwp77fYdB/dist=es2020,mode=imports/optimized/d3-dispatch.js": "ecaccf13782f16e77f8b3c27ce78523775d3a80977b87ccf7eaaef10006efc58",
    "https://cdn.skypack.dev/-/d3-dsv@v3.0.1-u1xCRjaLJc0qqv1Z5ERe/dist=es2020,mode=imports/optimized/d3-dsv.js": "ee8d94e3983a87e119733e63b5269aa6ecf7db3d31b28ff325280a8b3f0f473b",
    "https://cdn.skypack.dev/-/d3-force@v3.0.0-cshj62qMoyIGNIXoil9u/dist=es2020,mode=imports/optimized/d3-force.js": "36c5e1d602174622d6fb46bc28a01bf05246557f72090f296b9b284d334d5d40",
    "https://cdn.skypack.dev/-/d3-format@v3.0.1-LyjmeNp0E5YokPvOjBaD/dist=es2020,mode=imports/optimized/d3-format.js": "f8167c8da61306385f6ca5ba875068d4c15e9e1db5c03491c0a432a98e21c09e",
    "https://cdn.skypack.dev/-/d3-format@v3.1.0-D5wAD2odDPNNWsKloKgL/dist=es2020,mode=imports/optimized/d3-format.js": "f8167c8da61306385f6ca5ba875068d4c15e9e1db5c03491c0a432a98e21c09e",
    "https://cdn.skypack.dev/-/d3-geo-projection@v4.0.0-5Hhxj2zKHEqWYAQIFo3r/dist=es2020,mode=imports/optimized/d3-geo-projection.js": "cfa10e619ca3eb87c8a48e595a9d70b26a75dde8733b7b0389bbaba75ee70845",
    "https://cdn.skypack.dev/-/d3-geo@v3.0.1-kwyelOm8gApBxT2oVVB9/dist=es2020,mode=imports/optimized/d3-geo.js": "560f2e9fcbf8d604a5d27ef921d529f3f110dc2e60fed759f8b7e43811e236fd",
    "https://cdn.skypack.dev/-/d3-geo@v3.1.0-6gCuCN3p6hXOeZDWcbjw/dist=es2020,mode=imports/optimized/d3-geo.js": "3a60ac761a873f9ec97dbd93e0fb917aeaa528b96c3c1345c939789dc4aacc64",
    "https://cdn.skypack.dev/-/d3-hierarchy@v3.1.2-wx7sW10pU4OkfBLgCDCU/dist=es2020,mode=imports/optimized/d3-hierarchy.js": "5edf99f8e1d15eed964e19ac4ccac6f078f1f0afd1b2b1bb68d4c229ea5ac744",
    "https://cdn.skypack.dev/-/d3-interpolate@v3.0.1-i9AsUdFHwyaukRBWNe8d/dist=es2020,mode=imports/optimized/d3-interpolate.js": "fc2b0a65ec00fa776f950597f20a4486968adb3958af1ebacdc018391db35a10",
    "https://cdn.skypack.dev/-/d3-path@v3.1.0-nHaUoYzlRDYONpece9h0/dist=es2020,mode=imports/optimized/d3-path.js": "72e048e6b1a2b2cb964bf5ddb60861442e9806f8a1ace929e72f570ab7136606",
    "https://cdn.skypack.dev/-/d3-quadtree@v3.0.1-sMtwlDFghZGCTQ3UxKMT/dist=es2020,mode=imports/optimized/d3-quadtree.js": "c5ed229e76ddda0dc7068e4152878a2b1ce3d3f930e9186f7b279a5fef3877ba",
    "https://cdn.skypack.dev/-/d3-scale@v4.0.2-qUv67mnQQKwRMEsPRKcO/dist=es2020,mode=imports/optimized/d3-scale.js": "58637d17d63bd9cc81df8e0649b5b9c0713deb9f62da9e2fc79ceb4a55ca2cd5",
    "https://cdn.skypack.dev/-/d3-shape@v3.2.0-jvLE9CjF3Vp4eEpVme8s/dist=es2020,mode=imports/optimized/d3-shape.js": "ff1bed0ef82176171c67d2ea392cc05a8894961da90ab4066caad20a32c4d60f",
    "https://cdn.skypack.dev/-/d3-time-format@v4.0.0-A7vYeSqgWxeXXSpz1rEp/dist=es2020,mode=imports/optimized/d3-time-format.js": "394a8d60afd390cde5bb87bf67147d04b93600c7af15d6df52512d55d9d0ae7c",
    "https://cdn.skypack.dev/-/d3-time-format@v4.1.0-f8eZV7eLtGIxvK8uvO3o/dist=es2020,mode=imports/optimized/d3-time-format.js": "394a8d60afd390cde5bb87bf67147d04b93600c7af15d6df52512d55d9d0ae7c",
    "https://cdn.skypack.dev/-/d3-time@v3.0.0-Ww07wkuPsE2c8Ac33BKQ/dist=es2020,mode=imports/optimized/d3-time.js": "bfd7c72926d25012285375ebacd9e8ae0a10391b0e6bb5523c116f293e8c42cb",
    "https://cdn.skypack.dev/-/d3-time@v3.1.0-hkusO1LcNQpH1ccXwop7/dist=es2020,mode=imports/optimized/d3-time.js": "a26eb246f42bcfb5ef7e46aa275a9721ff79c085b798b2750b29c94d5be8c1a4",
    "https://cdn.skypack.dev/-/d3-timer@v3.0.1-O0QpYiI2jhOLEJodLnN1/dist=es2020,mode=imports/optimized/d3-timer.js": "09209f0abd04fa0ab6f5ae396494565d91b8416a2d70c275f1e12fdc64d85a49",
    "https://cdn.skypack.dev/-/delaunator@v5.0.0-5MwqNhLRHOkBYnNXuoGN/dist=es2020,mode=imports/optimized/delaunator.js": "73bcd0e2e8449f87730860a580ab4aff13d10e45a0ee99a05b9c41aec29a2d87",
    "https://cdn.skypack.dev/-/internmap@v2.0.3-GWZlRrRMFcDlELwTQEZq/dist=es2020,mode=imports/optimized/internmap.js": "77e29a5bef36c16d18121b32eada72008b641365e40ace81612c17db8c9fc00b",
    "https://cdn.skypack.dev/-/robust-predicates@v3.0.1-4p4J15SSeLeNloSXgtZt/dist=es2020,mode=imports/optimized/robust-predicates.js": "c5f50797ca0192ab760426db50aa8e1f4960647a0a44b7819537ea944a613dd8",
    "https://cdn.skypack.dev/-/topojson-client@v3.1.0-fyhI24JwGwsqazuuSEoq/dist=es2020,mode=imports/optimized/topojson-client.js": "580a71d2933608a652d49485845b256ae0df5a6a2ecc966c0365d0a4f9741c1c",
    "https://cdn.skypack.dev/-/vega-canvas@v1.2.7-hCEcvULuKIOqBVGX1Tn8/dist=es2020,mode=imports/optimized/vega-canvas.js": "239c2761c9a9a3064397deaa34e50582f7eb3cb3d3436ecdd558b47da51a3331",
    "https://cdn.skypack.dev/-/vega-crossfilter@v4.1.1-0AUAt51ACgvwsfDQr3R4/dist=es2020,mode=imports/optimized/vega-crossfilter.js": "1aaf1adafa5268056c419c5f6a74c07194c23de10a5cc5a763d3c9b6629df431",
    "https://cdn.skypack.dev/-/vega-dataflow@v5.7.5-asKYS4gpPLMPf64pSozt/dist=es2020,mode=imports/optimized/vega-dataflow.js": "48698d56c05bfa36d226587d30554dd83454088631710b95e7bde5262695c185",
    "https://cdn.skypack.dev/-/vega-encode@v4.9.2-73LzBc3ioSKmAYWtrrRd/dist=es2020,mode=imports/optimized/vega-encode.js": "a4321edb77d2eb7f13411473f33b4a1749bedf182ce39bfb2582406d168c511b",
    "https://cdn.skypack.dev/-/vega-event-selector@v3.0.1-UgiEAWJA4WQL4DTKnV4R/dist=es2020,mode=imports/optimized/vega-event-selector.js": "1db57749c8c2ef41424dae18e31b657f5f44cf904238275f7a11f1c828aaa94d",
    "https://cdn.skypack.dev/-/vega-expression@v5.1.0-2VnsdaYPtQ6Pi5w8JxN8/dist=es2020,mode=imports/optimized/vega-expression.js": "7cd8d223756937dc2d1ceb04b64aa69190c80fbc99bbe1d77ae0cd9d90542c63",
    "https://cdn.skypack.dev/-/vega-force@v4.2.0-CTEP5XRxhUGWUZM8MwQs/dist=es2020,mode=imports/optimized/vega-force.js": "81906f527078a2893ba58edad313ff9cb59ae00dee58f9a76a7c7cf9bd11e2d1",
    "https://cdn.skypack.dev/-/vega-format@v1.1.1-MIkBcxVtnuOzCt2MeOxi/dist=es2020,mode=imports/optimized/vega-format.js": "931c9e4841229ecd1b55692e6b52a6a4826603eddd0d1f5bedae62b87237580c",
    "https://cdn.skypack.dev/-/vega-functions@v5.14.0-VEmryigAZ791DplLK2kn/dist=es2020,mode=imports/optimized/vega-functions.js": "8926d2e66023ca0c5ded239f2eb00a443f2e28af9de90ff4561d05cc8a833dea",
    "https://cdn.skypack.dev/-/vega-geo@v4.4.1-8TUdHGrJmGMaKM9x1bwB/dist=es2020,mode=imports/optimized/vega-geo.js": "91d9098178b3607497d01a52437b162fdb7aedc81c4b9581db2eee5fc2912cb0",
    "https://cdn.skypack.dev/-/vega-hierarchy@v4.1.1-UOm1ATDeVOQ6Lqji63hi/dist=es2020,mode=imports/optimized/vega-hierarchy.js": "6d69854105bd71ad8f551d8c6db710b0926bffbfd7c194c623bfd5b43a168459",
    "https://cdn.skypack.dev/-/vega-label@v1.2.1-hEHqe293fM7lKP2OHb0o/dist=es2020,mode=imports/optimized/vega-label.js": "19fced3431684e6557302c0a97b545db5005e505ee7ff22a86d9a3fd11ca186b",
    "https://cdn.skypack.dev/-/vega-loader@v4.5.1-e2JpneCYErTzObWVOVxs/dist=es2020,mode=imports/optimized/vega-loader.js": "d1052409605aed505cc913060fe9e341ca91663c0205f112a7b436b8afe1be36",
    "https://cdn.skypack.dev/-/vega-parser@v6.3.0-LmHzQ5CDjQqCqdcg4N1t/dist=es2020,mode=imports/optimized/vega-parser.js": "fb6b92247efaf622932dd44059caf620026252782b0e803644461b1d49f81123",
    "https://cdn.skypack.dev/-/vega-projection@v1.6.0-lGjH1T1qHepW8BpZZrrV/dist=es2020,mode=imports/optimized/vega-projection.js": "824afea362bb43a85578776649d2e67ff73363aeef8d74b92ff67c5698b7ed8c",
    "https://cdn.skypack.dev/-/vega-regression@v1.2.0-qmJkAzTyLtlu9jZBRY67/dist=es2020,mode=imports/optimized/vega-regression.js": "9af268297cc21f1ba1f93be9efdf2f94e14c70c6ca6f1cc163b7ca0a45ae4e36",
    "https://cdn.skypack.dev/-/vega-runtime@v6.1.4-aFKCWR0DKdVqzAheQZ7x/dist=es2020,mode=imports/optimized/vega-runtime.js": "abc3d2a08c3cb034a0172470014451a61a377423d68397bdd959cab8e3aea8ab",
    "https://cdn.skypack.dev/-/vega-scale@v7.3.0-RE8rHwByiw8oUoAe4pNs/dist=es2020,mode=imports/optimized/vega-scale.js": "7f607de54f1f0a741d49104dbd411ad923b3478b7f093ef892c7166fb716cc07",
    "https://cdn.skypack.dev/-/vega-scale@v7.3.1-hys32hcqPKVC7s5pBJV0/dist=es2020,mode=imports/optimized/vega-scale.js": "8f07234da31fe1f5dc648ec6a9b624aed2c7af229cd044e55861119770001f33",
    "https://cdn.skypack.dev/-/vega-scenegraph@v4.10.2-W1dltMWN7mO3TARazJA1/dist=es2020,mode=imports/optimized/vega-scenegraph.js": "b04c0aa56bddf674b2a6934350496c11e71def7038ccab6dce637444c7f3a8a6",
    "https://cdn.skypack.dev/-/vega-scenegraph@v4.11.1-t7X1dmv0ePHm76Ol8yPQ/dist=es2020,mode=imports/optimized/vega-scenegraph.js": "3bdb2fd1a49d139aba4bba2f5ed06e73624a5d67b6fcfe12b2e520f5098c8a35",
    "https://cdn.skypack.dev/-/vega-scenegraph@v4.11.2-ECjtKQ59x40n6e1Sr54c/dist=es2020,mode=imports/optimized/vega-scenegraph.js": "7ec3a16c1687b2d1024c10d2ee41abae17c3366bbdd490357835f5de2d1e9396",
    "https://cdn.skypack.dev/-/vega-selections@v5.4.2-kOpqaoZxiZQE5rKxTnvY/dist=es2020,mode=imports/optimized/vega-selections.js": "d577038772c084445fde579098cf6f7160768a6470475d34f2d1b5cd605cf0ec",
    "https://cdn.skypack.dev/-/vega-statistics@v1.8.1-mXKADMfVQufwILOgkTiI/dist=es2020,mode=imports/optimized/vega-statistics.js": "79d3f4d3dc29a65d29af03be2ed4493442d74bd78fc04a65b7e3f22c01a406e5",
    "https://cdn.skypack.dev/-/vega-statistics@v1.9.0-Qw8CjSQVQOg2M6VMgsme/dist=es2020,mode=imports/optimized/vega-statistics.js": "2b64cc58009f41639eae760a69ce360f8825dc6370b01bbed6e6e515d936307a",
    "https://cdn.skypack.dev/-/vega-time@v2.1.1-Q1TxQbneCNdh5ryZm2Gf/dist=es2020,mode=imports/optimized/vega-time.js": "5ce09120fca206b4487faa6e9f98fb6fa855b2040f6079861d8504409ee11fa6",
    "https://cdn.skypack.dev/-/vega-transforms@v4.11.1-RhFnNq7TnH1umseD2FsT/dist=es2020,mode=imports/optimized/vega-transforms.js": "fb53b7006028d64bbd266cfd3336ea36e95337485c04bd28a6e81708edf86cde",
    "https://cdn.skypack.dev/-/vega-util@v1.17.1-uwuqwLZrXXBeO0DFYRgh/dist=es2020,mode=imports/optimized/vega-util.js": "c8285a3ec6625058dfaae65b6bf09040e11964bc1a670ffe3bae1a4cc703607f",
    "https://cdn.skypack.dev/-/vega-util@v1.17.2-LUfkDhormMyfWqy3Ts6U/dist=es2020,mode=imports/optimized/vega-util.js": "0a6b9ec6901ce03ce4c09befceba81ed29fa710bd8a000d8865f655879a19d12",
    "https://cdn.skypack.dev/-/vega-view-transforms@v4.5.9-LiB26zIbxiHZW70fnrDI/dist=es2020,mode=imports/optimized/vega-view-transforms.js": "7bc7307b01bb681915b5dc69b2d3d5e630320df4d083f372c316a5af047720ad",
    "https://cdn.skypack.dev/-/vega-view@v5.12.0-cCWaN8IOCLu8oOg9KxwN/dist=es2020,mode=imports/optimized/vega-view.js": "e30dd480ed0eafd6c62b43ab3ae8888f2ee88f8a2930c298b4b16ac206c39e18",
    "https://cdn.skypack.dev/-/vega-voronoi@v4.2.2-oQ1o0oW6SZfwHLCCdDRf/dist=es2020,mode=imports/optimized/vega-voronoi.js": "de658b23d776e5fa29d7f6f94e53a52d49b4209094839c6ffe961b2f8c6f5687",
    "https://cdn.skypack.dev/-/vega-wordcloud@v4.1.4-J5ewLsaJzX7o65uuoGqD/dist=es2020,mode=imports/optimized/vega-wordcloud.js": "a4e91c544f821a2e06ea7cfaa0dbc41bacd390356b2659bdd45c25fe902591ea",
    "https://cdn.skypack.dev/-/vega@v5.28.0-apQC2txkSWyYRCV9ipfx/dist=es2020,mode=imports/optimized/vega.js": "ac471a97cd5d15704a455f51cd748cc394e0d271fc0c3956ccb2bd1fb8bafc17",
    "https://cdn.skypack.dev/pin/vega-scenegraph@v4.11.2-ECjtKQ59x40n6e1Sr54c/mode=imports/optimized/vega-scenegraph.js": "c51f68a618ffdb7464e4a0dab938924cd074dfa41704f225fe7f8813819a5c8d",
    "https://cdn.skypack.dev/pin/vega-util@v1.17.2-LUfkDhormMyfWqy3Ts6U/mode=imports/optimized/vega-util.js": "9cf91143a9bc1ed160db6ea87f264d8f40173bbc8ba74e6469948e9f72aff6b4",
    "https://cdn.skypack.dev/pin/vega@v5.28.0-apQC2txkSWyYRCV9ipfx/mode=imports/optimized/vega.js": "ec275fde49e873a04ac1bd2bab8f2844fccfa34b6d064112a3f86e14a0cc2dbc"
  }
}
