{
  "name": "avenger-format-reference",
  "lockfileVersion": 3,
  "requires": true,
  "packages": {
    "": {
      "name": "avenger-format-reference",
      "dependencies": {
        "d3-format": "3.1.2",
        "vega-format": "2.1.3"
      },
      "engines": {
        "node": "20.19.6"
      }
    },
    "node_modules/d3-array": {
      "version": "3.2.4",
      "resolved": "https://registry.npmjs.org/d3-array/-/d3-array-3.2.4.tgz",
      "integrity": "sha512-tdQAmyA18i4J7wprpYq8ClcxZy3SC31QMeByyCFyRt7BVHdREQZ5lpzoe5mFEYZUWe+oq8HBvk9JjpibyEV4Jg==",
      "license": "ISC",
      "dependencies": {
        "internmap": "1 - 2"
      },
      "engines": {
        "node": ">=12"
      }
    },
    "node_modules/d3-format": {
      "version": "3.1.2",
      "resolved": "https://registry.npmjs.org/d3-format/-/d3-format-3.1.2.tgz",
      "integrity": "sha512-AJDdYOdnyRDV5b6ArilzCPPwc1ejkHcoyFarqlPqT7zRYjhavcT3uSrqcMvsgh2CgoPbK3RCwyHaVyxYcP2Arg==",
      "license": "ISC",
      "engines": {
        "node": ">=12"
      }
    },
    "node_modules/d3-time": {
      "version": "3.1.0",
      "resolved": "https://registry.npmjs.org/d3-time/-/d3-time-3.1.0.tgz",
      "integrity": "sha512-VqKjzBLejbSMT4IgbmVgDjpkYrNWUYJnbCGo874u7MMKIWsILRX+OpX/gTk8MqjpT1A/c6HY2dCA77ZN0lkQ2Q==",
      "license": "ISC",
      "dependencies": {
        "d3-array": "2 - 3"
      },
      "engines": {
        "node": ">=12"
      }
    },
    "node_modules/d3-time-format": {
      "version": "4.1.0",
      "resolved": "https://registry.npmjs.org/d3-time-format/-/d3-time-format-4.1.0.tgz",
      "integrity": "sha512-dJxPBlzC7NugB2PDLwo9Q8JiTR3M3e4/XANkreKSUxF8vvXKqm1Yfq4Q5dl8budlunRVlUUaDUgFt7eA8D6NLg==",
      "license": "ISC",
      "dependencies": {
        "d3-time": "1 - 3"
      },
      "engines": {
        "node": ">=12"
      }
    },
    "node_modules/internmap": {
      "version": "2.0.3",
      "resolved": "https://registry.npmjs.org/internmap/-/internmap-2.0.3.tgz",
      "integrity": "sha512-5Hh7Y1wQbvY5ooGgPbDaL5iYLAPzMTUrjMulskHLH6wnv/A+1q5rgEaiuqEjB+oxGXIVZs1FF+R/KPN3ZSQYYg==",
      "license": "ISC",
      "engines": {
        "node": ">=12"
      }
    },
    "node_modules/vega-format": {
      "version": "2.1.3",
      "resolved": "https://registry.npmjs.org/vega-format/-/vega-format-2.1.3.tgz",
      "integrity": "sha512-VK0yh3BtK5MUoG7aAXuwb678r2wDdykAUFIKHd9MWvXNo857UqNzZfYixfyXi8xXBK2AV38R4IiQmNKUrXBMUA==",
      "license": "BSD-3-Clause",
      "dependencies": {
        "d3-array": "^3.2.4",
        "d3-format": "^3.1.2",
        "d3-time-format": "^4.1.0",
        "vega-time": "^3.3.0",
        "vega-util": "^2.1.3"
      }
    },
    "node_modules/vega-time": {
      "version": "3.3.0",
      "resolved": "https://registry.npmjs.org/vega-time/-/vega-time-3.3.0.tgz",
      "integrity": "sha512-bm9uMPrGIPQ52jD3Ltr6gUspogDtO0G8pEzLKvLySX84reeShHTH6jOd9YXwISNfuS4LT+cmPr9Ct6TMgvPMOA==",
      "license": "BSD-3-Clause",
      "dependencies": {
        "d3-array": "^3.2.4",
        "d3-time": "^3.1.0",
        "vega-util": "^2.1.3"
      }
    },
    "node_modules/vega-util": {
      "version": "2.1.3",
      "resolved": "https://registry.npmjs.org/vega-util/-/vega-util-2.1.3.tgz",
      "integrity": "sha512-Znj01Gj5XVUw/U7QvwjMhl+XCGs09UF5KDyMXZz9NtjhoKP04anWjcbA7hqoVH+eEigO92KlTi+Yai6Roo1n0A==",
      "license": "BSD-3-Clause"
    }
  }
}
