{
  "name": "geo-fixtures",
  "lockfileVersion": 3,
  "requires": true,
  "packages": {
    "": {
      "name": "geo-fixtures",
      "dependencies": {
        "d3-geo": "^3.1.1",
        "d3-geo-projection": "^4.0.0"
      }
    },
    "node_modules/commander": {
      "version": "7.2.0",
      "resolved": "https://registry.npmjs.org/commander/-/commander-7.2.0.tgz",
      "integrity": "sha512-QrWXB+ZQSVPmIWIhtEO9H+gwHaMGYiF5ChvoJ+K9ZGHG/sVsa6yiesAD1GC/x46sET00Xlwo1u49RVVVzvcSkw==",
      "license": "MIT",
      "engines": {
        "node": ">= 10"
      }
    },
    "node_modules/d3-array": {
      "version": "3.2.4",
      "resolved": "https://registry.npmjs.org/d3-array/-/d3-array-3.2.4.tgz",
      "integrity": "sha512-tdQAmyA18i4J7wprpYq8ClcxZy3SC31QMeByyCFyRt7BVHdREQZ5lpzoe5mFEYZUWe+oq8HBvk9JjpibyEV4Jg==",
      "license": "ISC",
      "dependencies": {
        "internmap": "1 - 2"
      },
      "engines": {
        "node": ">=12"
      }
    },
    "node_modules/d3-geo": {
      "version": "3.1.1",
      "resolved": "https://registry.npmjs.org/d3-geo/-/d3-geo-3.1.1.tgz",
      "integrity": "sha512-637ln3gXKXOwhalDzinUgY83KzNWZRKbYubaG+fGVuc/dxO64RRljtCTnf5ecMyE1RIdtqpkVcq0IbtU2S8j2Q==",
      "license": "ISC",
      "dependencies": {
        "d3-array": "2.5.0 - 3"
      },
      "engines": {
        "node": ">=12"
      }
    },
    "node_modules/d3-geo-projection": {
      "version": "4.0.0",
      "resolved": "https://registry.npmjs.org/d3-geo-projection/-/d3-geo-projection-4.0.0.tgz",
      "integrity": "sha512-p0bK60CEzph1iqmnxut7d/1kyTmm3UWtPlwdkM31AU+LW+BXazd5zJdoCn7VFxNCHXRngPHRnsNn5uGjLRGndg==",
      "license": "ISC",
      "dependencies": {
        "commander": "7",
        "d3-array": "1 - 3",
        "d3-geo": "1.12.0 - 3"
      },
      "bin": {
        "geo2svg": "bin/geo2svg.js",
        "geograticule": "bin/geograticule.js",
        "geoproject": "bin/geoproject.js",
        "geoquantize": "bin/geoquantize.js",
        "geostitch": "bin/geostitch.js"
      },
      "engines": {
        "node": ">=12"
      }
    },
    "node_modules/internmap": {
      "version": "2.0.3",
      "resolved": "https://registry.npmjs.org/internmap/-/internmap-2.0.3.tgz",
      "integrity": "sha512-5Hh7Y1wQbvY5ooGgPbDaL5iYLAPzMTUrjMulskHLH6wnv/A+1q5rgEaiuqEjB+oxGXIVZs1FF+R/KPN3ZSQYYg==",
      "license": "ISC",
      "engines": {
        "node": ">=12"
      }
    }
  }
}
